{
    "_meta": {
        "hash": {
            "sha256": "844998726f9a37f0d52b05dc192367951aa715f75f3578ac9914a3ba01bb732e"
        },
        "host-environment-markers": {
            "implementation_name": "cpython",
            "implementation_version": "3.6.4",
            "os_name": "posix",
            "platform_machine": "x86_64",
            "platform_python_implementation": "CPython",
            "platform_release": "17.4.0",
            "platform_system": "Darwin",
            "platform_version": "Darwin Kernel Version 17.4.0: Sun Dec 17 09:19:54 PST 2017; root:xnu-4570.41.2~1/RELEASE_X86_64",
            "python_full_version": "3.6.4",
            "python_version": "3.6",
            "sys_platform": "darwin"
        },
        "pipfile-spec": 6,
        "requires": {},
        "sources": [
            {
                "name": "pypi",
                "url": "https://pypi.python.org/simple",
                "verify_ssl": true
            }
        ]
    },
    "default": {
        "background": {
            "git": "https://github.com/kennethreitz/background.git"
        },
        "simpleaudio": {
            "hashes": [
                "sha256:80cbebce76a0d1992c29d60e528e4061a61a88415aa1a06cf7b3af6a9633fed4",
                "sha256:3b72b3d07fba29079119a99203fe9d1bacf13d0f36cc9ce7b218af28d96123df",
                "sha256:5d191a1db01c5ce1c5e2e62bf130908881c84fb3b3b77bd191c6ca00b75f1715",
                "sha256:a0e29eae2cfb2e7e69a60072464cb82d1d87f32816aff652cab0315a0d07976d",
                "sha256:c8edd2019fea20afad93a938f0e42ca8d9b2c5dfe9569de7bce91d33a2a5b73f",
                "sha256:9ee4e2e40ff5b0d1e5cf831563893296d2ca6b5953b5b7082316fae9d7e4f532",
                "sha256:c80b04aadc7aa0da23ad1ab669819e38e46123a84f2b310dfe1eb2d27daa5c1b",
                "sha256:fb5300b7b7d1cf93667f37f25bc7efddeea3df18afd742eb9b9a4afe55eea8b2",
                "sha256:3a6a56d45d7c113522a5e33073b405296e58cd2006e1e31df4be437175572e06",
                "sha256:4e0e4c0359f153408e9b8a65342ec0c1d014f36fbe9cdb594e9b6e5348916af8"
            ],
            "version": "==1.0.2"
        }
    },
    "develop": {}
}
